
Microsoft Visual Studio Solution File, Format Version 12.00
# Visual Studio Version 16
VisualStudioVersion = 16.0.29926.136
MinimumVisualStudioVersion = 10.0.40219.1
Project("{6EC3EE1D-3C4E-46DD-8F32-0CC8E7565705}") = "Aoc19", "Aoc19\Aoc19.fsproj", "{853E8E9F-C377-4CAD-8428-AEDD2CF1D6B8}"
EndProject
Project("{6EC3EE1D-3C4E-46DD-8F32-0CC8E7565705}") = "Aoc19.Test", "Aoc19.Test\Aoc19.Test.fsproj", "{1816C212-C27A-4344-821A-C3A9F59C4D9A}"
EndProject
Global
	GlobalSection(SolutionConfigurationPlatforms) = preSolution
		Debug|Any CPU = Debug|Any CPU
		Release|Any CPU = Release|Any CPU
	EndGlobalSection
	GlobalSection(ProjectConfigurationPlatforms) = postSolution
		{853E8E9F-C377-4CAD-8428-AEDD2CF1D6B8}.Debug|Any CPU.ActiveCfg = Debug|Any CPU
		{853E8E9F-C377-4CAD-8428-AEDD2CF1D6B8}.Debug|Any CPU.Build.0 = Debug|Any CPU
		{853E8E9F-C377-4CAD-8428-AEDD2CF1D6B8}.Release|Any CPU.ActiveCfg = Release|Any CPU
		{853E8E9F-C377-4CAD-8428-AEDD2CF1D6B8}.Release|Any CPU.Build.0 = Release|Any CPU
		{1816C212-C27A-4344-821A-C3A9F59C4D9A}.Debug|Any CPU.ActiveCfg = Debug|Any CPU
		{1816C212-C27A-4344-821A-C3A9F59C4D9A}.Debug|Any CPU.Build.0 = Debug|Any CPU
		{1816C212-C27A-4344-821A-C3A9F59C4D9A}.Release|Any CPU.ActiveCfg = Release|Any CPU
		{1816C212-C27A-4344-821A-C3A9F59C4D9A}.Release|Any CPU.Build.0 = Release|Any CPU
	EndGlobalSection
	GlobalSection(SolutionProperties) = preSolution
		HideSolutionNode = FALSE
	EndGlobalSection
	GlobalSection(ExtensibilityGlobals) = postSolution
		SolutionGuid = {BA5B3685-28F6-4277-8033-2E3356FB992C}
	EndGlobalSection
EndGlobal
